
Microsoft Visual Studio Solution File, Format Version 12.00
# Visual Studio Version 17
VisualStudioVersion = 17.5.002.0
MinimumVisualStudioVersion = 10.0.40219.1
Project("{9A19103F-16F7-4668-BE54-9A1E7A4F7556}") = "client", "client\client.csproj", "{B9423DE4-EF86-4AFF-88D1-087BF3B45EBA}"
EndProject
Project("{9A19103F-16F7-4668-BE54-9A1E7A4F7556}") = "server", "server\server.csproj", "{9A7CD8EE-4126-491B-AAD8-4B9A87401801}"
EndProject
Project("{FAE04EC0-301F-11D3-BF4B-00C04F79EFBC}") = "sockets", "sockets\sockets.csproj", "{5DF64775-D2CE-4F18-B0B1-F0C2245010B0}"
EndProject
Global
	GlobalSection(SolutionConfigurationPlatforms) = preSolution
		Debug|Any CPU = Debug|Any CPU
		Release|Any CPU = Release|Any CPU
	EndGlobalSection
	GlobalSection(ProjectConfigurationPlatforms) = postSolution
		{B9423DE4-EF86-4AFF-88D1-087BF3B45EBA}.Debug|Any CPU.ActiveCfg = Debug|Any CPU
		{B9423DE4-EF86-4AFF-88D1-087BF3B45EBA}.Debug|Any CPU.Build.0 = Debug|Any CPU
		{B9423DE4-EF86-4AFF-88D1-087BF3B45EBA}.Release|Any CPU.ActiveCfg = Release|Any CPU
		{B9423DE4-EF86-4AFF-88D1-087BF3B45EBA}.Release|Any CPU.Build.0 = Release|Any CPU
		{9A7CD8EE-4126-491B-AAD8-4B9A87401801}.Debug|Any CPU.ActiveCfg = Debug|Any CPU
		{9A7CD8EE-4126-491B-AAD8-4B9A87401801}.Debug|Any CPU.Build.0 = Debug|Any CPU
		{9A7CD8EE-4126-491B-AAD8-4B9A87401801}.Release|Any CPU.ActiveCfg = Release|Any CPU
		{9A7CD8EE-4126-491B-AAD8-4B9A87401801}.Release|Any CPU.Build.0 = Release|Any CPU
		{5DF64775-D2CE-4F18-B0B1-F0C2245010B0}.Debug|Any CPU.ActiveCfg = Debug|Any CPU
		{5DF64775-D2CE-4F18-B0B1-F0C2245010B0}.Debug|Any CPU.Build.0 = Debug|Any CPU
		{5DF64775-D2CE-4F18-B0B1-F0C2245010B0}.Release|Any CPU.ActiveCfg = Release|Any CPU
		{5DF64775-D2CE-4F18-B0B1-F0C2245010B0}.Release|Any CPU.Build.0 = Release|Any CPU
	EndGlobalSection
	GlobalSection(SolutionProperties) = preSolution
		HideSolutionNode = FALSE
	EndGlobalSection
	GlobalSection(ExtensibilityGlobals) = postSolution
		SolutionGuid = {C58C9224-C323-4B37-A2EC-24793A6A53E4}
	EndGlobalSection
EndGlobal
